
Microsoft Visual Studio Solution File, Format Version 12.00
# Visual Studio Version 16
VisualStudioVersion = 16.0.30114.105
MinimumVisualStudioVersion = 10.0.40219.1
Project("{911E67C6-3D85-4FCE-B560-20A9C3E3FF48}") = "ffplay", "ffplay.exe", "{543352F7-8FEE-480D-B9CA-909617FD57E0}"
	ProjectSection(DebuggerProjectSystem) = preProject
		PortSupplier = 00000000-0000-0000-0000-000000000000
		Executable = C:\Users\It Complex\Downloads\VideoEditor\WebApplication1\WebApplication1\ffplay.exe
		RemoteMachine = DESKTOP-MH953QQ
		StartingDirectory = C:\Users\It Complex\Downloads\VideoEditor\WebApplication1\WebApplication1
		Environment = Default
		LaunchingEngine = 00000000-0000-0000-0000-000000000000
		UseLegacyDebugEngines = No
		LaunchSQLEngine = No
		AttachLaunchAction = No
	EndProjectSection
EndProject
Global
	GlobalSection(SolutionConfigurationPlatforms) = preSolution
		Release|x64 = Release|x64
	EndGlobalSection
	GlobalSection(ProjectConfigurationPlatforms) = postSolution
		{543352F7-8FEE-480D-B9CA-909617FD57E0}.Release|x64.ActiveCfg = Release|x64
	EndGlobalSection
	GlobalSection(SolutionProperties) = preSolution
		HideSolutionNode = FALSE
	EndGlobalSection
	GlobalSection(ExtensibilityGlobals) = postSolution
		SolutionGuid = {1AFD4384-2617-438C-8695-3E0F38D7D667}
	EndGlobalSection
EndGlobal
